
Microsoft Visual Studio Solution File, Format Version 12.00
# Visual Studio Version 17
VisualStudioVersion = 17.1.32228.430
MinimumVisualStudioVersion = 10.0.40219.1
Project("{2150E333-8FDC-42A3-9474-1A3956D46DE8}") = "src", "src", "{DAFC452E-D7FD-4519-BAC9-FB4C109A49C3}"
EndProject
Project("{FAE04EC0-301F-11D3-BF4B-00C04F79EFBC}") = "TestClicker", "src\TestClicker\TestClicker.csproj", "{6B002729-C2BE-413C-8A05-55320AB5B732}"
EndProject
Project("{FAE04EC0-301F-11D3-BF4B-00C04F79EFBC}") = "CopyAndPaste", "src\MyStudyTest\CopyAndPaste.csproj", "{CA5BEA6D-C491-43C5-8E83-16BF0AD250EC}"
EndProject
Project("{2150E333-8FDC-42A3-9474-1A3956D46DE8}") = "ExamSelenium", "ExamSelenium", "{D93475E8-9AB6-46F5-A324-D21D53C31706}"
EndProject
Project("{2150E333-8FDC-42A3-9474-1A3956D46DE8}") = "ExamForm", "ExamForm", "{D8894D1A-1DE0-4492-BBFC-35C54A95C963}"
EndProject
Project("{FAE04EC0-301F-11D3-BF4B-00C04F79EFBC}") = "SeleniumStudy", "src\SeleniumStudy\SeleniumStudy.csproj", "{366571B1-C1F2-4556-8641-02BE1D6977D4}"
EndProject
Project("{FAE04EC0-301F-11D3-BF4B-00C04F79EFBC}") = "SeleniumDropDown", "src\SeleniumDropDown\SeleniumDropDown.csproj", "{ACE1FEEB-2A86-4996-838B-EEEC0F594028}"
EndProject
Project("{FAE04EC0-301F-11D3-BF4B-00C04F79EFBC}") = "JsonEx", "src\JsonEx\JsonEx.csproj", "{C6B3E6E9-4A48-445B-9F6E-E5604793E45A}"
EndProject
Project("{FAE04EC0-301F-11D3-BF4B-00C04F79EFBC}") = "CheckboxTest", "src\CheckboxTest\CheckboxTest.csproj", "{0B8CE222-F219-478C-A76C-4BFEEF9E2839}"
EndProject
Project("{FAE04EC0-301F-11D3-BF4B-00C04F79EFBC}") = "ChromeBrowserOpen", "src\ChromeBrowserOpen\ChromeBrowserOpen.csproj", "{54D267A9-EF60-4AB0-A379-583022E69101}"
EndProject
Project("{FAE04EC0-301F-11D3-BF4B-00C04F79EFBC}") = "TestCral", "src\TestCral\TestCral.csproj", "{0B037784-448D-499A-9D78-FA0D81EA2E4E}"
EndProject
Project("{2150E333-8FDC-42A3-9474-1A3956D46DE8}") = "ExamTest", "ExamTest", "{049581B8-D46B-4725-B6BC-F0BBE35FB75F}"
	ProjectSection(SolutionItems) = preProject
		TextFile1.MD = TextFile1.MD
	EndProjectSection
EndProject
Project("{9A19103F-16F7-4668-BE54-9A1E7A4F7556}") = "CSharpTest", "src\CSharpTest\CSharpTest.csproj", "{355EAB0F-2493-487C-9CD2-466AE733C411}"
EndProject
Project("{FAE04EC0-301F-11D3-BF4B-00C04F79EFBC}") = "CSharpTest2", "src\CSharpTest2\CSharpTest2.csproj", "{677C5D1D-476D-4CF0-AAE4-B2060D48792C}"
EndProject
Global
	GlobalSection(SolutionConfigurationPlatforms) = preSolution
		Debug|Any CPU = Debug|Any CPU
		Release|Any CPU = Release|Any CPU
	EndGlobalSection
	GlobalSection(ProjectConfigurationPlatforms) = postSolution
		{6B002729-C2BE-413C-8A05-55320AB5B732}.Debug|Any CPU.ActiveCfg = Debug|Any CPU
		{6B002729-C2BE-413C-8A05-55320AB5B732}.Debug|Any CPU.Build.0 = Debug|Any CPU
		{6B002729-C2BE-413C-8A05-55320AB5B732}.Release|Any CPU.ActiveCfg = Release|Any CPU
		{6B002729-C2BE-413C-8A05-55320AB5B732}.Release|Any CPU.Build.0 = Release|Any CPU
		{CA5BEA6D-C491-43C5-8E83-16BF0AD250EC}.Debug|Any CPU.ActiveCfg = Debug|Any CPU
		{CA5BEA6D-C491-43C5-8E83-16BF0AD250EC}.Debug|Any CPU.Build.0 = Debug|Any CPU
		{CA5BEA6D-C491-43C5-8E83-16BF0AD250EC}.Release|Any CPU.ActiveCfg = Release|Any CPU
		{CA5BEA6D-C491-43C5-8E83-16BF0AD250EC}.Release|Any CPU.Build.0 = Release|Any CPU
		{366571B1-C1F2-4556-8641-02BE1D6977D4}.Debug|Any CPU.ActiveCfg = Debug|Any CPU
		{366571B1-C1F2-4556-8641-02BE1D6977D4}.Debug|Any CPU.Build.0 = Debug|Any CPU
		{366571B1-C1F2-4556-8641-02BE1D6977D4}.Release|Any CPU.ActiveCfg = Release|Any CPU
		{366571B1-C1F2-4556-8641-02BE1D6977D4}.Release|Any CPU.Build.0 = Release|Any CPU
		{ACE1FEEB-2A86-4996-838B-EEEC0F594028}.Debug|Any CPU.ActiveCfg = Debug|Any CPU
		{ACE1FEEB-2A86-4996-838B-EEEC0F594028}.Debug|Any CPU.Build.0 = Debug|Any CPU
		{ACE1FEEB-2A86-4996-838B-EEEC0F594028}.Release|Any CPU.ActiveCfg = Release|Any CPU
		{ACE1FEEB-2A86-4996-838B-EEEC0F594028}.Release|Any CPU.Build.0 = Release|Any CPU
		{C6B3E6E9-4A48-445B-9F6E-E5604793E45A}.Debug|Any CPU.ActiveCfg = Debug|Any CPU
		{C6B3E6E9-4A48-445B-9F6E-E5604793E45A}.Debug|Any CPU.Build.0 = Debug|Any CPU
		{C6B3E6E9-4A48-445B-9F6E-E5604793E45A}.Release|Any CPU.ActiveCfg = Release|Any CPU
		{C6B3E6E9-4A48-445B-9F6E-E5604793E45A}.Release|Any CPU.Build.0 = Release|Any CPU
		{0B8CE222-F219-478C-A76C-4BFEEF9E2839}.Debug|Any CPU.ActiveCfg = Debug|Any CPU
		{0B8CE222-F219-478C-A76C-4BFEEF9E2839}.Debug|Any CPU.Build.0 = Debug|Any CPU
		{0B8CE222-F219-478C-A76C-4BFEEF9E2839}.Release|Any CPU.ActiveCfg = Release|Any CPU
		{0B8CE222-F219-478C-A76C-4BFEEF9E2839}.Release|Any CPU.Build.0 = Release|Any CPU
		{54D267A9-EF60-4AB0-A379-583022E69101}.Debug|Any CPU.ActiveCfg = Debug|Any CPU
		{54D267A9-EF60-4AB0-A379-583022E69101}.Debug|Any CPU.Build.0 = Debug|Any CPU
		{54D267A9-EF60-4AB0-A379-583022E69101}.Release|Any CPU.ActiveCfg = Release|Any CPU
		{54D267A9-EF60-4AB0-A379-583022E69101}.Release|Any CPU.Build.0 = Release|Any CPU
		{0B037784-448D-499A-9D78-FA0D81EA2E4E}.Debug|Any CPU.ActiveCfg = Debug|Any CPU
		{0B037784-448D-499A-9D78-FA0D81EA2E4E}.Debug|Any CPU.Build.0 = Debug|Any CPU
		{0B037784-448D-499A-9D78-FA0D81EA2E4E}.Release|Any CPU.ActiveCfg = Release|Any CPU
		{0B037784-448D-499A-9D78-FA0D81EA2E4E}.Release|Any CPU.Build.0 = Release|Any CPU
		{355EAB0F-2493-487C-9CD2-466AE733C411}.Debug|Any CPU.ActiveCfg = Debug|Any CPU
		{355EAB0F-2493-487C-9CD2-466AE733C411}.Debug|Any CPU.Build.0 = Debug|Any CPU
		{355EAB0F-2493-487C-9CD2-466AE733C411}.Release|Any CPU.ActiveCfg = Release|Any CPU
		{355EAB0F-2493-487C-9CD2-466AE733C411}.Release|Any CPU.Build.0 = Release|Any CPU
		{677C5D1D-476D-4CF0-AAE4-B2060D48792C}.Debug|Any CPU.ActiveCfg = Debug|Any CPU
		{677C5D1D-476D-4CF0-AAE4-B2060D48792C}.Debug|Any CPU.Build.0 = Debug|Any CPU
		{677C5D1D-476D-4CF0-AAE4-B2060D48792C}.Release|Any CPU.ActiveCfg = Release|Any CPU
		{677C5D1D-476D-4CF0-AAE4-B2060D48792C}.Release|Any CPU.Build.0 = Release|Any CPU
	EndGlobalSection
	GlobalSection(SolutionProperties) = preSolution
		HideSolutionNode = FALSE
	EndGlobalSection
	GlobalSection(NestedProjects) = preSolution
		{6B002729-C2BE-413C-8A05-55320AB5B732} = {D8894D1A-1DE0-4492-BBFC-35C54A95C963}
		{CA5BEA6D-C491-43C5-8E83-16BF0AD250EC} = {D8894D1A-1DE0-4492-BBFC-35C54A95C963}
		{D93475E8-9AB6-46F5-A324-D21D53C31706} = {DAFC452E-D7FD-4519-BAC9-FB4C109A49C3}
		{D8894D1A-1DE0-4492-BBFC-35C54A95C963} = {DAFC452E-D7FD-4519-BAC9-FB4C109A49C3}
		{366571B1-C1F2-4556-8641-02BE1D6977D4} = {D93475E8-9AB6-46F5-A324-D21D53C31706}
		{ACE1FEEB-2A86-4996-838B-EEEC0F594028} = {D93475E8-9AB6-46F5-A324-D21D53C31706}
		{C6B3E6E9-4A48-445B-9F6E-E5604793E45A} = {D8894D1A-1DE0-4492-BBFC-35C54A95C963}
		{0B8CE222-F219-478C-A76C-4BFEEF9E2839} = {D8894D1A-1DE0-4492-BBFC-35C54A95C963}
		{54D267A9-EF60-4AB0-A379-583022E69101} = {D93475E8-9AB6-46F5-A324-D21D53C31706}
		{0B037784-448D-499A-9D78-FA0D81EA2E4E} = {D8894D1A-1DE0-4492-BBFC-35C54A95C963}
		{049581B8-D46B-4725-B6BC-F0BBE35FB75F} = {DAFC452E-D7FD-4519-BAC9-FB4C109A49C3}
		{355EAB0F-2493-487C-9CD2-466AE733C411} = {049581B8-D46B-4725-B6BC-F0BBE35FB75F}
		{677C5D1D-476D-4CF0-AAE4-B2060D48792C} = {049581B8-D46B-4725-B6BC-F0BBE35FB75F}
	EndGlobalSection
	GlobalSection(ExtensibilityGlobals) = postSolution
		SolutionGuid = {F9752345-4AFD-4844-ABB4-C578099B9338}
	EndGlobalSection
EndGlobal
